
Microsoft Visual Studio Solution File, Format Version 12.00
# Visual Studio Version 17
VisualStudioVersion = 17.1.32228.430
MinimumVisualStudioVersion = 10.0.40219.1
Project("{8BC9CEB8-8B4A-11D0-8D11-00A0C91BC942}") = "StackCode", "StackCode.vcxproj", "{99A9B5BD-F42A-4CDC-96EB-B599C39C77C0}"
EndProject
Global
	GlobalSection(SolutionConfigurationPlatforms) = preSolution
		Debug|x64 = Debug|x64
		Debug|x86 = Debug|x86
		Release|x64 = Release|x64
		Release|x86 = Release|x86
	EndGlobalSection
	GlobalSection(ProjectConfigurationPlatforms) = postSolution
		{99A9B5BD-F42A-4CDC-96EB-B599C39C77C0}.Debug|x64.ActiveCfg = Debug|x64
		{99A9B5BD-F42A-4CDC-96EB-B599C39C77C0}.Debug|x64.Build.0 = Debug|x64
		{99A9B5BD-F42A-4CDC-96EB-B599C39C77C0}.Debug|x86.ActiveCfg = Debug|Win32
		{99A9B5BD-F42A-4CDC-96EB-B599C39C77C0}.Debug|x86.Build.0 = Debug|Win32
		{99A9B5BD-F42A-4CDC-96EB-B599C39C77C0}.Release|x64.ActiveCfg = Release|x64
		{99A9B5BD-F42A-4CDC-96EB-B599C39C77C0}.Release|x64.Build.0 = Release|x64
		{99A9B5BD-F42A-4CDC-96EB-B599C39C77C0}.Release|x86.ActiveCfg = Release|Win32
		{99A9B5BD-F42A-4CDC-96EB-B599C39C77C0}.Release|x86.Build.0 = Release|Win32
	EndGlobalSection
	GlobalSection(SolutionProperties) = preSolution
		HideSolutionNode = FALSE
	EndGlobalSection
	GlobalSection(ExtensibilityGlobals) = postSolution
		SolutionGuid = {AD170AE2-7C35-4E88-839A-BF3712A9396F}
	EndGlobalSection
EndGlobal
